{
  "name": "@retrojb/mono-repo-deploy",
  "version": "1.0.0",
  "lockfileVersion": 3,
  "requires": true,
  "packages": {
    "": {
      "name": "@retrojb/mono-repo-deploy",
      "version": "1.0.0",
      "license": "ISC",
      "workspaces": [
        "packages/@retrojb/main-proj",
        "packages/@retrojb-foo",
        "packages/bar"
      ]
    },
    "node_modules/bar": {
      "resolved": "packages/bar",
      "link": true
    },
    "node_modules/foo": {
      "resolved": "packages/@retrojb-foo",
      "link": true
    },
    "node_modules/main-proj": {
      "resolved": "packages/@retrojb/main-proj",
      "link": true
    },
    "packages/@retrojb-foo": {
      "name": "foo",
      "version": "0.0.0",
      "license": "MIT",
      "devDependencies": {}
    },
    "packages/@retrojb/main-proj": {
      "name": "main-proj",
      "version": "0.0.0",
      "license": "MIT"
    },
    "packages/bar": {
      "version": "0.0.0",
      "license": "MIT",
      "devDependencies": {}
    }
  }
}
